schema: '2.0'
stages:
  data_ingestion:
    cmd: python src/data_ingestion.py
    deps:
    - path: src/data_ingestion.py
      hash: md5
      md5: aa01b7bdeb89d6f684b402a52c454b02
      size: 3190
    outs:
    - path: data/raw
      hash: md5
      md5: 442c16d4591729f2fea8b71d0bb5f85a.dir
      size: 479272
      nfiles: 2
  data_preprocessing:
    cmd: python src/data_preprocessing.py
    deps:
    - path: data/raw
      hash: md5
      md5: 442c16d4591729f2fea8b71d0bb5f85a.dir
      size: 479272
      nfiles: 2
    - path: src/data_preprocessing.py
      hash: md5
      md5: 58cc1d79250ed647107e87add4050349
      size: 3915
    outs:
    - path: data/interim
      hash: md5
      md5: 572117bafad89987bd3675bf38f4d4bd.dir
      size: 256622
      nfiles: 2
  feature_engineering:
    cmd: python src/feature_engineering.py
    deps:
    - path: data/interim
      hash: md5
      md5: 572117bafad89987bd3675bf38f4d4bd.dir
      size: 256622
      nfiles: 2
    - path: src/feature_engineering.py
      hash: md5
      md5: 53513b7dc4727d1f006cf81d2bed95ba
      size: 3815
    outs:
    - path: data/processed
      hash: md5
      md5: 2270b52f9c492b44b99815e7b2bbe2c4.dir
      size: 834470
      nfiles: 2
  model_building:
    cmd: python src/model_building.py
    deps:
    - path: data/processed
      hash: md5
      md5: 2270b52f9c492b44b99815e7b2bbe2c4.dir
      size: 834470
      nfiles: 2
    - path: src/model_building.py
      hash: md5
      md5: baf56031c255dd9116488cc8cea1b2a4
      size: 4286
    outs:
    - path: models/model.pkl
      hash: md5
      md5: fdbd57bb4f8c549d4ed436ea8a2d3055
      size: 728990
  model_evaluation:
    cmd: python src/model_evaluation.py
    deps:
    - path: models/model.pkl
      hash: md5
      md5: fdbd57bb4f8c549d4ed436ea8a2d3055
      size: 728990
    - path: src/model_evaluation.py
      hash: md5
      md5: 27d6e53646908a87e26b3260d6900c6b
      size: 3558
